
Microsoft Visual Studio Solution File, Format Version 12.00
# Visual Studio Version 16
VisualStudioVersion = 25.0.1706.0
MinimumVisualStudioVersion = 10.0.40219.1
Project("{FAE04EC0-301F-11D3-BF4B-00C04F79EFBC}") = "StoreApp.UI", "StoreApp.UI\StoreApp.UI.csproj", "{3E34F3C0-0396-4155-AE2A-21D7F96786EE}"
EndProject
Project("{FAE04EC0-301F-11D3-BF4B-00C04F79EFBC}") = "StoreApp.Entites", "StoreApp.Entites\StoreApp.Entites.csproj", "{D7A4AE1A-00DE-40B4-A7E6-22F728AA96F3}"
EndProject
Project("{FAE04EC0-301F-11D3-BF4B-00C04F79EFBC}") = "StoreApp.Repositories", "StoreApp.Repositories\StoreApp.Repositories.csproj", "{FA9EBA26-DF0D-4A60-9D6C-ED5CAD1FC189}"
EndProject
Global
	GlobalSection(SolutionConfigurationPlatforms) = preSolution
		Debug|Any CPU = Debug|Any CPU
		Release|Any CPU = Release|Any CPU
	EndGlobalSection
	GlobalSection(ProjectConfigurationPlatforms) = postSolution
		{3E34F3C0-0396-4155-AE2A-21D7F96786EE}.Debug|Any CPU.ActiveCfg = Debug|Any CPU
		{3E34F3C0-0396-4155-AE2A-21D7F96786EE}.Debug|Any CPU.Build.0 = Debug|Any CPU
		{3E34F3C0-0396-4155-AE2A-21D7F96786EE}.Release|Any CPU.ActiveCfg = Release|Any CPU
		{3E34F3C0-0396-4155-AE2A-21D7F96786EE}.Release|Any CPU.Build.0 = Release|Any CPU
		{D7A4AE1A-00DE-40B4-A7E6-22F728AA96F3}.Debug|Any CPU.ActiveCfg = Debug|Any CPU
		{D7A4AE1A-00DE-40B4-A7E6-22F728AA96F3}.Debug|Any CPU.Build.0 = Debug|Any CPU
		{D7A4AE1A-00DE-40B4-A7E6-22F728AA96F3}.Release|Any CPU.ActiveCfg = Release|Any CPU
		{D7A4AE1A-00DE-40B4-A7E6-22F728AA96F3}.Release|Any CPU.Build.0 = Release|Any CPU
		{FA9EBA26-DF0D-4A60-9D6C-ED5CAD1FC189}.Debug|Any CPU.ActiveCfg = Debug|Any CPU
		{FA9EBA26-DF0D-4A60-9D6C-ED5CAD1FC189}.Debug|Any CPU.Build.0 = Debug|Any CPU
		{FA9EBA26-DF0D-4A60-9D6C-ED5CAD1FC189}.Release|Any CPU.ActiveCfg = Release|Any CPU
		{FA9EBA26-DF0D-4A60-9D6C-ED5CAD1FC189}.Release|Any CPU.Build.0 = Release|Any CPU
	EndGlobalSection
	GlobalSection(SolutionProperties) = preSolution
		HideSolutionNode = FALSE
	EndGlobalSection
	GlobalSection(ExtensibilityGlobals) = postSolution
		SolutionGuid = {57B42AC8-3F7A-44E7-BC8B-A0756B2BA43C}
	EndGlobalSection
EndGlobal
